
Microsoft Visual Studio Solution File, Format Version 12.00
# Visual Studio Version 16
VisualStudioVersion = 16.0.29806.167
MinimumVisualStudioVersion = 10.0.40219.1
Project("{FAE04EC0-301F-11D3-BF4B-00C04F79EFBC}") = "3Dtest", "3Dtest.csproj", "{BC0FE53F-21D8-4D9F-888B-99E2C8342AB5}"
EndProject
Global
	GlobalSection(SolutionConfigurationPlatforms) = preSolution
		Debug|Any CPU = Debug|Any CPU
		Release|Any CPU = Release|Any CPU
	EndGlobalSection
	GlobalSection(ProjectConfigurationPlatforms) = postSolution
		{BC0FE53F-21D8-4D9F-888B-99E2C8342AB5}.Debug|Any CPU.ActiveCfg = Debug|Any CPU
		{BC0FE53F-21D8-4D9F-888B-99E2C8342AB5}.Debug|Any CPU.Build.0 = Debug|Any CPU
		{BC0FE53F-21D8-4D9F-888B-99E2C8342AB5}.Release|Any CPU.ActiveCfg = Release|Any CPU
		{BC0FE53F-21D8-4D9F-888B-99E2C8342AB5}.Release|Any CPU.Build.0 = Release|Any CPU
	EndGlobalSection
	GlobalSection(SolutionProperties) = preSolution
		HideSolutionNode = FALSE
	EndGlobalSection
	GlobalSection(ExtensibilityGlobals) = postSolution
		SolutionGuid = {916821C6-815D-465A-94B1-F5EB2789D4DF}
	EndGlobalSection
EndGlobal
